version = 1
requires-python = ">=3.12"

[[package]]
name = "click"
version = "8.3.1"
source = { registry = "https://pypi.org/simple" }
dependencies = [
    { name = "colorama", marker = "sys_platform == 'win32'" },
]
sdist = { url = "https://files.pythonhosted.org/packages/3d/fa/656b739db8587d7b5dfa22e22ed02566950fbfbcdc20311993483657a5c0/click-8.3.1.tar.gz", hash = "sha256:12ff4785d337a1bb490bb7e9c2b1ee5da3112e94a8622f26a6c77f5d2fc6842a", size = 295065 }
wheels = [
    { url = "https://files.pythonhosted.org/packages/98/78/01c019cdb5d6498122777c1a43056ebb3ebfeef2076d9d026bfe15583b2b/click-8.3.1-py3-none-any.whl", hash = "sha256:981153a64e25f12d547d3426c367a4857371575ee7ad18df2a6183ab0545b2a6", size = 108274 },
]

[[package]]
name = "colorama"
version = "0.4.6"
source = { registry = "https://pypi.org/simple" }
sdist = { url = "https://files.pythonhosted.org/packages/d8/53/6f443c9a4a8358a93a6792e2acffb9d9d5cb0a5cfd8802644b7b1c9a02e4/colorama-0.4.6.tar.gz", hash = "sha256:08695f5cb7ed6e0531a20572697297273c47b8cae5a63ffc6d6ed5c201be6e44", size = 27697 }
wheels = [
    { url = "https://files.pythonhosted.org/packages/d1/d6/3965ed04c63042e047cb6a3e6ed1a63a35087b6a609aa3a15ed8ac56c221/colorama-0.4.6-py2.py3-none-any.whl", hash = "sha256:4f1d9991f5acc0ca119f9d443620b77f9d6b33703e51011c16baf57afb285fc6", size = 25335 },
]

[[package]]
name = "imdb-sqlite"
version = "2.1.0"
source = { registry = "https://pypi.org/simple" }
dependencies = [
    { name = "tqdm" },
]
sdist = { url = "https://files.pythonhosted.org/packages/e6/dd/9966d94699cbca5ece56e0ca7c9aecca0fa822ee685a16f794fc22793685/imdb_sqlite-2.1.0.tar.gz", hash = "sha256:45cba44abf766fef8cc7ca98739b16cd619f1fb28f446e6bc7aca1ad5bd9ec88", size = 20909 }
wheels = [
    { url = "https://files.pythonhosted.org/packages/12/e9/a9b0d55ffc5cd42682dfe3f97545a7c2ed75b3769fbbcd624892d63769b4/imdb_sqlite-2.1.0-py3-none-any.whl", hash = "sha256:0ec180a61322e7e02afbd9be388dad2c077a0ef43144552056a14e4c59ef0400", size = 17868 },
]

[[package]]
name = "tqdm"
version = "4.67.3"
source = { registry = "https://pypi.org/simple" }
dependencies = [
    { name = "colorama", marker = "sys_platform == 'win32'" },
]
sdist = { url = "https://files.pythonhosted.org/packages/09/a9/6ba95a270c6f1fbcd8dac228323f2777d886cb206987444e4bce66338dd4/tqdm-4.67.3.tar.gz", hash = "sha256:7d825f03f89244ef73f1d4ce193cb1774a8179fd96f31d7e1dcde62092b960bb", size = 169598 }
wheels = [
    { url = "https://files.pythonhosted.org/packages/16/e1/3079a9ff9b8e11b846c6ac5c8b5bfb7ff225eee721825310c91b3b50304f/tqdm-4.67.3-py3-none-any.whl", hash = "sha256:ee1e4c0e59148062281c49d80b25b67771a127c85fc9676d3be5f243206826bf", size = 78374 },
]

[[package]]
name = "tv-show-chart"
version = "0.1.0"
source = { virtual = "." }
dependencies = [
    { name = "click" },
    { name = "imdb-sqlite" },
    { name = "tqdm" },
]

[package.metadata]
requires-dist = [
    { name = "click", specifier = ">=8.3.1" },
    { name = "imdb-sqlite", specifier = ">=2.1.0" },
    { name = "tqdm", specifier = ">=4.67.3" },
]
